// !$*UTF8*$!
{
	archiveVersion = 1;
	classes = {
	};
	objectVersion = 50;
	objects = {

/* Begin PBXBuildFile section */
		6FDF2AA6550147D3D28A39EC /* Pods_GloboChallengeTests.framework in Frameworks */ = {isa = PBXBuildFile; fileRef = 0CAC1A74BADBA6B28D863954 /* Pods_GloboChallengeTests.framework */; };
		7639D94E02D98B4470F44B81 /* Pods_GloboChallenge.framework in Frameworks */ = {isa = PBXBuildFile; fileRef = AACEF09BB011D910FEDC34E6 /* Pods_GloboChallenge.framework */; };
		D58D240723F9CFCB003B6C69 /* AppDelegate.swift in Sources */ = {isa = PBXBuildFile; fileRef = D58D240623F9CFCB003B6C69 /* AppDelegate.swift */; };
		D58D240923F9CFCB003B6C69 /* SceneDelegate.swift in Sources */ = {isa = PBXBuildFile; fileRef = D58D240823F9CFCB003B6C69 /* SceneDelegate.swift */; };
		D58D240B23F9CFCB003B6C69 /* ViewController.swift in Sources */ = {isa = PBXBuildFile; fileRef = D58D240A23F9CFCB003B6C69 /* ViewController.swift */; };
		D58D240E23F9CFCB003B6C69 /* Main.storyboard in Resources */ = {isa = PBXBuildFile; fileRef = D58D240C23F9CFCB003B6C69 /* Main.storyboard */; };
		D58D241023F9CFCD003B6C69 /* Assets.xcassets in Resources */ = {isa = PBXBuildFile; fileRef = D58D240F23F9CFCD003B6C69 /* Assets.xcassets */; };
		D58D241323F9CFCD003B6C69 /* LaunchScreen.storyboard in Resources */ = {isa = PBXBuildFile; fileRef = D58D241123F9CFCD003B6C69 /* LaunchScreen.storyboard */; };
		D58D241E23F9CFCE003B6C69 /* GloboChallengeTests.swift in Sources */ = {isa = PBXBuildFile; fileRef = D58D241D23F9CFCE003B6C69 /* GloboChallengeTests.swift */; };
		D58D242923F9CFCE003B6C69 /* GloboChallengeUITests.swift in Sources */ = {isa = PBXBuildFile; fileRef = D58D242823F9CFCE003B6C69 /* GloboChallengeUITests.swift */; };
		D58D243E23F9D12C003B6C69 /* BaseInteractor.swift in Sources */ = {isa = PBXBuildFile; fileRef = D58D243D23F9D12C003B6C69 /* BaseInteractor.swift */; };
		D58D244023F9D142003B6C69 /* BasePresenter.swift in Sources */ = {isa = PBXBuildFile; fileRef = D58D243F23F9D142003B6C69 /* BasePresenter.swift */; };
		D58D244223F9D14B003B6C69 /* Movie.swift in Sources */ = {isa = PBXBuildFile; fileRef = D58D244123F9D14B003B6C69 /* Movie.swift */; };
		D58D244423F9D186003B6C69 /* MoviesWireframe.swift in Sources */ = {isa = PBXBuildFile; fileRef = D58D244323F9D186003B6C69 /* MoviesWireframe.swift */; };
		D58D244723F9D22B003B6C69 /* NetworkManager.swift in Sources */ = {isa = PBXBuildFile; fileRef = D58D244623F9D22B003B6C69 /* NetworkManager.swift */; };
		D58D244A23F9D2A2003B6C69 /* APIRoot.swift in Sources */ = {isa = PBXBuildFile; fileRef = D58D244923F9D2A2003B6C69 /* APIRoot.swift */; };
		E510BFDD019C8BE5079C1884 /* Pods_GloboChallenge_GloboChallengeUITests.framework in Frameworks */ = {isa = PBXBuildFile; fileRef = 9B3365E029AFC38F5EEC731D /* Pods_GloboChallenge_GloboChallengeUITests.framework */; };
/* End PBXBuildFile section */

/* Begin PBXContainerItemProxy section */
		D58D241A23F9CFCE003B6C69 /* PBXContainerItemProxy */ = {
			isa = PBXContainerItemProxy;
			containerPortal = D58D23FB23F9CFCB003B6C69 /* Project object */;
			proxyType = 1;
			remoteGlobalIDString = D58D240223F9CFCB003B6C69;
			remoteInfo = GloboChallenge;
		};
		D58D242523F9CFCE003B6C69 /* PBXContainerItemProxy */ = {
			isa = PBXContainerItemProxy;
			containerPortal = D58D23FB23F9CFCB003B6C69 /* Project object */;
			proxyType = 1;
			remoteGlobalIDString = D58D240223F9CFCB003B6C69;
			remoteInfo = GloboChallenge;
		};
/* End PBXContainerItemProxy section */

/* Begin PBXFileReference section */
		0CAC1A74BADBA6B28D863954 /* Pods_GloboChallengeTests.framework */ = {isa = PBXFileReference; explicitFileType = wrapper.framework; includeInIndex = 0; path = Pods_GloboChallengeTests.framework; sourceTree = BUILT_PRODUCTS_DIR; };
		18534DB6D85A57FC0E0B572F /* Pods-GloboChallengeTests.release.xcconfig */ = {isa = PBXFileReference; includeInIndex = 1; lastKnownFileType = text.xcconfig; name = "Pods-GloboChallengeTests.release.xcconfig"; path = "Target Support Files/Pods-GloboChallengeTests/Pods-GloboChallengeTests.release.xcconfig"; sourceTree = "<group>"; };
		1A720B011BD9EF1969E93C62 /* Pods-GloboChallenge-GloboChallengeUITests.release.xcconfig */ = {isa = PBXFileReference; includeInIndex = 1; lastKnownFileType = text.xcconfig; name = "Pods-GloboChallenge-GloboChallengeUITests.release.xcconfig"; path = "Target Support Files/Pods-GloboChallenge-GloboChallengeUITests/Pods-GloboChallenge-GloboChallengeUITests.release.xcconfig"; sourceTree = "<group>"; };
		56E4B7E85FBD901971CCEB13 /* Pods-GloboChallengeTests.debug.xcconfig */ = {isa = PBXFileReference; includeInIndex = 1; lastKnownFileType = text.xcconfig; name = "Pods-GloboChallengeTests.debug.xcconfig"; path = "Target Support Files/Pods-GloboChallengeTests/Pods-GloboChallengeTests.debug.xcconfig"; sourceTree = "<group>"; };
		9B3365E029AFC38F5EEC731D /* Pods_GloboChallenge_GloboChallengeUITests.framework */ = {isa = PBXFileReference; explicitFileType = wrapper.framework; includeInIndex = 0; path = Pods_GloboChallenge_GloboChallengeUITests.framework; sourceTree = BUILT_PRODUCTS_DIR; };
		9BDD9230EBCF8FACF2EB4FBF /* Pods-GloboChallenge.debug.xcconfig */ = {isa = PBXFileReference; includeInIndex = 1; lastKnownFileType = text.xcconfig; name = "Pods-GloboChallenge.debug.xcconfig"; path = "Target Support Files/Pods-GloboChallenge/Pods-GloboChallenge.debug.xcconfig"; sourceTree = "<group>"; };
		AACEF09BB011D910FEDC34E6 /* Pods_GloboChallenge.framework */ = {isa = PBXFileReference; explicitFileType = wrapper.framework; includeInIndex = 0; path = Pods_GloboChallenge.framework; sourceTree = BUILT_PRODUCTS_DIR; };
		C6760908E49B9C49FCD82B01 /* Pods-GloboChallenge-GloboChallengeUITests.debug.xcconfig */ = {isa = PBXFileReference; includeInIndex = 1; lastKnownFileType = text.xcconfig; name = "Pods-GloboChallenge-GloboChallengeUITests.debug.xcconfig"; path = "Target Support Files/Pods-GloboChallenge-GloboChallengeUITests/Pods-GloboChallenge-GloboChallengeUITests.debug.xcconfig"; sourceTree = "<group>"; };
		D58D240323F9CFCB003B6C69 /* GloboChallenge.app */ = {isa = PBXFileReference; explicitFileType = wrapper.application; includeInIndex = 0; path = GloboChallenge.app; sourceTree = BUILT_PRODUCTS_DIR; };
		D58D240623F9CFCB003B6C69 /* AppDelegate.swift */ = {isa = PBXFileReference; lastKnownFileType = sourcecode.swift; path = AppDelegate.swift; sourceTree = "<group>"; };
		D58D240823F9CFCB003B6C69 /* SceneDelegate.swift */ = {isa = PBXFileReference; lastKnownFileType = sourcecode.swift; path = SceneDelegate.swift; sourceTree = "<group>"; };
		D58D240A23F9CFCB003B6C69 /* ViewController.swift */ = {isa = PBXFileReference; lastKnownFileType = sourcecode.swift; path = ViewController.swift; sourceTree = "<group>"; };
		D58D240D23F9CFCB003B6C69 /* Base */ = {isa = PBXFileReference; lastKnownFileType = file.storyboard; name = Base; path = Base.lproj/Main.storyboard; sourceTree = "<group>"; };
		D58D240F23F9CFCD003B6C69 /* Assets.xcassets */ = {isa = PBXFileReference; lastKnownFileType = folder.assetcatalog; path = Assets.xcassets; sourceTree = "<group>"; };
		D58D241223F9CFCD003B6C69 /* Base */ = {isa = PBXFileReference; lastKnownFileType = file.storyboard; name = Base; path = Base.lproj/LaunchScreen.storyboard; sourceTree = "<group>"; };
		D58D241423F9CFCD003B6C69 /* Info.plist */ = {isa = PBXFileReference; lastKnownFileType = text.plist.xml; path = Info.plist; sourceTree = "<group>"; };
		D58D241923F9CFCE003B6C69 /* GloboChallengeTests.xctest */ = {isa = PBXFileReference; explicitFileType = wrapper.cfbundle; includeInIndex = 0; path = GloboChallengeTests.xctest; sourceTree = BUILT_PRODUCTS_DIR; };
		D58D241D23F9CFCE003B6C69 /* GloboChallengeTests.swift */ = {isa = PBXFileReference; lastKnownFileType = sourcecode.swift; path = GloboChallengeTests.swift; sourceTree = "<group>"; };
		D58D241F23F9CFCE003B6C69 /* Info.plist */ = {isa = PBXFileReference; lastKnownFileType = text.plist.xml; path = Info.plist; sourceTree = "<group>"; };
		D58D242423F9CFCE003B6C69 /* GloboChallengeUITests.xctest */ = {isa = PBXFileReference; explicitFileType = wrapper.cfbundle; includeInIndex = 0; path = GloboChallengeUITests.xctest; sourceTree = BUILT_PRODUCTS_DIR; };
		D58D242823F9CFCE003B6C69 /* GloboChallengeUITests.swift */ = {isa = PBXFileReference; lastKnownFileType = sourcecode.swift; path = GloboChallengeUITests.swift; sourceTree = "<group>"; };
		D58D242A23F9CFCE003B6C69 /* Info.plist */ = {isa = PBXFileReference; lastKnownFileType = text.plist.xml; path = Info.plist; sourceTree = "<group>"; };
		D58D243D23F9D12C003B6C69 /* BaseInteractor.swift */ = {isa = PBXFileReference; lastKnownFileType = sourcecode.swift; path = BaseInteractor.swift; sourceTree = "<group>"; };
		D58D243F23F9D142003B6C69 /* BasePresenter.swift */ = {isa = PBXFileReference; lastKnownFileType = sourcecode.swift; path = BasePresenter.swift; sourceTree = "<group>"; };
		D58D244123F9D14B003B6C69 /* Movie.swift */ = {isa = PBXFileReference; lastKnownFileType = sourcecode.swift; path = Movie.swift; sourceTree = "<group>"; };
		D58D244323F9D186003B6C69 /* MoviesWireframe.swift */ = {isa = PBXFileReference; lastKnownFileType = sourcecode.swift; path = MoviesWireframe.swift; sourceTree = "<group>"; };
		D58D244623F9D22B003B6C69 /* NetworkManager.swift */ = {isa = PBXFileReference; lastKnownFileType = sourcecode.swift; path = NetworkManager.swift; sourceTree = "<group>"; };
		D58D244923F9D2A2003B6C69 /* APIRoot.swift */ = {isa = PBXFileReference; lastKnownFileType = sourcecode.swift; path = APIRoot.swift; sourceTree = "<group>"; };
		E77018FA70F2F270F4D879FC /* Pods-GloboChallenge.release.xcconfig */ = {isa = PBXFileReference; includeInIndex = 1; lastKnownFileType = text.xcconfig; name = "Pods-GloboChallenge.release.xcconfig"; path = "Target Support Files/Pods-GloboChallenge/Pods-GloboChallenge.release.xcconfig"; sourceTree = "<group>"; };
/* End PBXFileReference section */

/* Begin PBXFrameworksBuildPhase section */
		D58D240023F9CFCB003B6C69 /* Frameworks */ = {
			isa = PBXFrameworksBuildPhase;
			buildActionMask = 2147483647;
			files = (
				7639D94E02D98B4470F44B81 /* Pods_GloboChallenge.framework in Frameworks */,
			);
			runOnlyForDeploymentPostprocessing = 0;
		};
		D58D241623F9CFCE003B6C69 /* Frameworks */ = {
			isa = PBXFrameworksBuildPhase;
			buildActionMask = 2147483647;
			files = (
				6FDF2AA6550147D3D28A39EC /* Pods_GloboChallengeTests.framework in Frameworks */,
			);
			runOnlyForDeploymentPostprocessing = 0;
		};
		D58D242123F9CFCE003B6C69 /* Frameworks */ = {
			isa = PBXFrameworksBuildPhase;
			buildActionMask = 2147483647;
			files = (
				E510BFDD019C8BE5079C1884 /* Pods_GloboChallenge_GloboChallengeUITests.framework in Frameworks */,
			);
			runOnlyForDeploymentPostprocessing = 0;
		};
/* End PBXFrameworksBuildPhase section */

/* Begin PBXGroup section */
		88E1F51CC330E38432F8B556 /* Frameworks */ = {
			isa = PBXGroup;
			children = (
				AACEF09BB011D910FEDC34E6 /* Pods_GloboChallenge.framework */,
				9B3365E029AFC38F5EEC731D /* Pods_GloboChallenge_GloboChallengeUITests.framework */,
				0CAC1A74BADBA6B28D863954 /* Pods_GloboChallengeTests.framework */,
			);
			name = Frameworks;
			sourceTree = "<group>";
		};
		A39AF833B56402C60C8F0C70 /* Pods */ = {
			isa = PBXGroup;
			children = (
				9BDD9230EBCF8FACF2EB4FBF /* Pods-GloboChallenge.debug.xcconfig */,
				E77018FA70F2F270F4D879FC /* Pods-GloboChallenge.release.xcconfig */,
				C6760908E49B9C49FCD82B01 /* Pods-GloboChallenge-GloboChallengeUITests.debug.xcconfig */,
				1A720B011BD9EF1969E93C62 /* Pods-GloboChallenge-GloboChallengeUITests.release.xcconfig */,
				56E4B7E85FBD901971CCEB13 /* Pods-GloboChallengeTests.debug.xcconfig */,
				18534DB6D85A57FC0E0B572F /* Pods-GloboChallengeTests.release.xcconfig */,
			);
			name = Pods;
			path = Pods;
			sourceTree = "<group>";
		};
		D58D23FA23F9CFCB003B6C69 = {
			isa = PBXGroup;
			children = (
				D58D240523F9CFCB003B6C69 /* GloboChallenge */,
				D58D241C23F9CFCE003B6C69 /* GloboChallengeTests */,
				D58D242723F9CFCE003B6C69 /* GloboChallengeUITests */,
				D58D240423F9CFCB003B6C69 /* Products */,
				A39AF833B56402C60C8F0C70 /* Pods */,
				88E1F51CC330E38432F8B556 /* Frameworks */,
			);
			sourceTree = "<group>";
		};
		D58D240423F9CFCB003B6C69 /* Products */ = {
			isa = PBXGroup;
			children = (
				D58D240323F9CFCB003B6C69 /* GloboChallenge.app */,
				D58D241923F9CFCE003B6C69 /* GloboChallengeTests.xctest */,
				D58D242423F9CFCE003B6C69 /* GloboChallengeUITests.xctest */,
			);
			name = Products;
			sourceTree = "<group>";
		};
		D58D240523F9CFCB003B6C69 /* GloboChallenge */ = {
			isa = PBXGroup;
			children = (
				D58D243623F9D004003B6C69 /* Application */,
				D58D243823F9D042003B6C69 /* Resources */,
				D58D243723F9D016003B6C69 /* View */,
				D58D243923F9D073003B6C69 /* Interactor */,
				D58D243A23F9D0CD003B6C69 /* Presenter */,
				D58D243B23F9D0EC003B6C69 /* Entity */,
				D58D243C23F9D100003B6C69 /* Router */,
				D58D241423F9CFCD003B6C69 /* Info.plist */,
			);
			path = GloboChallenge;
			sourceTree = "<group>";
		};
		D58D241C23F9CFCE003B6C69 /* GloboChallengeTests */ = {
			isa = PBXGroup;
			children = (
				D58D241D23F9CFCE003B6C69 /* GloboChallengeTests.swift */,
				D58D241F23F9CFCE003B6C69 /* Info.plist */,
			);
			path = GloboChallengeTests;
			sourceTree = "<group>";
		};
		D58D242723F9CFCE003B6C69 /* GloboChallengeUITests */ = {
			isa = PBXGroup;
			children = (
				D58D242823F9CFCE003B6C69 /* GloboChallengeUITests.swift */,
				D58D242A23F9CFCE003B6C69 /* Info.plist */,
			);
			path = GloboChallengeUITests;
			sourceTree = "<group>";
		};
		D58D243623F9D004003B6C69 /* Application */ = {
			isa = PBXGroup;
			children = (
				D58D240623F9CFCB003B6C69 /* AppDelegate.swift */,
				D58D240823F9CFCB003B6C69 /* SceneDelegate.swift */,
			);
			path = Application;
			sourceTree = "<group>";
		};
		D58D243723F9D016003B6C69 /* View */ = {
			isa = PBXGroup;
			children = (
				D58D240A23F9CFCB003B6C69 /* ViewController.swift */,
			);
			path = View;
			sourceTree = "<group>";
		};
		D58D243823F9D042003B6C69 /* Resources */ = {
			isa = PBXGroup;
			children = (
				D58D240C23F9CFCB003B6C69 /* Main.storyboard */,
				D58D241123F9CFCD003B6C69 /* LaunchScreen.storyboard */,
				D58D240F23F9CFCD003B6C69 /* Assets.xcassets */,
			);
			path = Resources;
			sourceTree = "<group>";
		};
		D58D243923F9D073003B6C69 /* Interactor */ = {
			isa = PBXGroup;
			children = (
				D58D244523F9D1FA003B6C69 /* NetworkLayer */,
				D58D243D23F9D12C003B6C69 /* BaseInteractor.swift */,
			);
			path = Interactor;
			sourceTree = "<group>";
		};
		D58D243A23F9D0CD003B6C69 /* Presenter */ = {
			isa = PBXGroup;
			children = (
				D58D243F23F9D142003B6C69 /* BasePresenter.swift */,
			);
			path = Presenter;
			sourceTree = "<group>";
		};
		D58D243B23F9D0EC003B6C69 /* Entity */ = {
			isa = PBXGroup;
			children = (
				D58D244123F9D14B003B6C69 /* Movie.swift */,
			);
			path = Entity;
			sourceTree = "<group>";
		};
		D58D243C23F9D100003B6C69 /* Router */ = {
			isa = PBXGroup;
			children = (
				D58D244323F9D186003B6C69 /* MoviesWireframe.swift */,
			);
			path = Router;
			sourceTree = "<group>";
		};
		D58D244523F9D1FA003B6C69 /* NetworkLayer */ = {
			isa = PBXGroup;
			children = (
				D58D244623F9D22B003B6C69 /* NetworkManager.swift */,
				D58D244823F9D268003B6C69 /* MovieAPI */,
			);
			path = NetworkLayer;
			sourceTree = "<group>";
		};
		D58D244823F9D268003B6C69 /* MovieAPI */ = {
			isa = PBXGroup;
			children = (
				D58D244923F9D2A2003B6C69 /* APIRoot.swift */,
			);
			path = MovieAPI;
			sourceTree = "<group>";
		};
/* End PBXGroup section */

/* Begin PBXNativeTarget section */
		D58D240223F9CFCB003B6C69 /* GloboChallenge */ = {
			isa = PBXNativeTarget;
			buildConfigurationList = D58D242D23F9CFCE003B6C69 /* Build configuration list for PBXNativeTarget "GloboChallenge" */;
			buildPhases = (
				9B225EA505F929C682431987 /* [CP] Check Pods Manifest.lock */,
				D58D23FF23F9CFCB003B6C69 /* Sources */,
				D58D240023F9CFCB003B6C69 /* Frameworks */,
				D58D240123F9CFCB003B6C69 /* Resources */,
				08A7A9ED2C1521170FF08A51 /* [CP] Embed Pods Frameworks */,
			);
			buildRules = (
			);
			dependencies = (
			);
			name = GloboChallenge;
			productName = GloboChallenge;
			productReference = D58D240323F9CFCB003B6C69 /* GloboChallenge.app */;
			productType = "com.apple.product-type.application";
		};
		D58D241823F9CFCE003B6C69 /* GloboChallengeTests */ = {
			isa = PBXNativeTarget;
			buildConfigurationList = D58D243023F9CFCE003B6C69 /* Build configuration list for PBXNativeTarget "GloboChallengeTests" */;
			buildPhases = (
				05BDE5C7B5479D3AFA6B14F1 /* [CP] Check Pods Manifest.lock */,
				D58D241523F9CFCE003B6C69 /* Sources */,
				D58D241623F9CFCE003B6C69 /* Frameworks */,
				D58D241723F9CFCE003B6C69 /* Resources */,
			);
			buildRules = (
			);
			dependencies = (
				D58D241B23F9CFCE003B6C69 /* PBXTargetDependency */,
			);
			name = GloboChallengeTests;
			productName = GloboChallengeTests;
			productReference = D58D241923F9CFCE003B6C69 /* GloboChallengeTests.xctest */;
			productType = "com.apple.product-type.bundle.unit-test";
		};
		D58D242323F9CFCE003B6C69 /* GloboChallengeUITests */ = {
			isa = PBXNativeTarget;
			buildConfigurationList = D58D243323F9CFCE003B6C69 /* Build configuration list for PBXNativeTarget "GloboChallengeUITests" */;
			buildPhases = (
				FB5A8BBEBE77E0B873AE6E17 /* [CP] Check Pods Manifest.lock */,
				D58D242023F9CFCE003B6C69 /* Sources */,
				D58D242123F9CFCE003B6C69 /* Frameworks */,
				D58D242223F9CFCE003B6C69 /* Resources */,
				6469611D79529445221141D8 /* [CP] Embed Pods Frameworks */,
			);
			buildRules = (
			);
			dependencies = (
				D58D242623F9CFCE003B6C69 /* PBXTargetDependency */,
			);
			name = GloboChallengeUITests;
			productName = GloboChallengeUITests;
			productReference = D58D242423F9CFCE003B6C69 /* GloboChallengeUITests.xctest */;
			productType = "com.apple.product-type.bundle.ui-testing";
		};
/* End PBXNativeTarget section */

/* Begin PBXProject section */
		D58D23FB23F9CFCB003B6C69 /* Project object */ = {
			isa = PBXProject;
			attributes = {
				LastSwiftUpdateCheck = 1120;
				LastUpgradeCheck = 1120;
				ORGANIZATIONNAME = "Rodrigo Bukowitz";
				TargetAttributes = {
					D58D240223F9CFCB003B6C69 = {
						CreatedOnToolsVersion = 11.2;
					};
					D58D241823F9CFCE003B6C69 = {
						CreatedOnToolsVersion = 11.2;
						TestTargetID = D58D240223F9CFCB003B6C69;
					};
					D58D242323F9CFCE003B6C69 = {
						CreatedOnToolsVersion = 11.2;
						TestTargetID = D58D240223F9CFCB003B6C69;
					};
				};
			};
			buildConfigurationList = D58D23FE23F9CFCB003B6C69 /* Build configuration list for PBXProject "GloboChallenge" */;
			compatibilityVersion = "Xcode 9.3";
			developmentRegion = en;
			hasScannedForEncodings = 0;
			knownRegions = (
				en,
				Base,
			);
			mainGroup = D58D23FA23F9CFCB003B6C69;
			productRefGroup = D58D240423F9CFCB003B6C69 /* Products */;
			projectDirPath = "";
			projectRoot = "";
			targets = (
				D58D240223F9CFCB003B6C69 /* GloboChallenge */,
				D58D241823F9CFCE003B6C69 /* GloboChallengeTests */,
				D58D242323F9CFCE003B6C69 /* GloboChallengeUITests */,
			);
		};
/* End PBXProject section */

/* Begin PBXResourcesBuildPhase section */
		D58D240123F9CFCB003B6C69 /* Resources */ = {
			isa = PBXResourcesBuildPhase;
			buildActionMask = 2147483647;
			files = (
				D58D241323F9CFCD003B6C69 /* LaunchScreen.storyboard in Resources */,
				D58D241023F9CFCD003B6C69 /* Assets.xcassets in Resources */,
				D58D240E23F9CFCB003B6C69 /* Main.storyboard in Resources */,
			);
			runOnlyForDeploymentPostprocessing = 0;
		};
		D58D241723F9CFCE003B6C69 /* Resources */ = {
			isa = PBXResourcesBuildPhase;
			buildActionMask = 2147483647;
			files = (
			);
			runOnlyForDeploymentPostprocessing = 0;
		};
		D58D242223F9CFCE003B6C69 /* Resources */ = {
			isa = PBXResourcesBuildPhase;
			buildActionMask = 2147483647;
			files = (
			);
			runOnlyForDeploymentPostprocessing = 0;
		};
/* End PBXResourcesBuildPhase section */

/* Begin PBXShellScriptBuildPhase section */
		05BDE5C7B5479D3AFA6B14F1 /* [CP] Check Pods Manifest.lock */ = {
			isa = PBXShellScriptBuildPhase;
			buildActionMask = 2147483647;
			files = (
			);
			inputFileListPaths = (
			);
			inputPaths = (
				"${PODS_PODFILE_DIR_PATH}/Podfile.lock",
				"${PODS_ROOT}/Manifest.lock",
			);
			name = "[CP] Check Pods Manifest.lock";
			outputFileListPaths = (
			);
			outputPaths = (
				"$(DERIVED_FILE_DIR)/Pods-GloboChallengeTests-checkManifestLockResult.txt",
			);
			runOnlyForDeploymentPostprocessing = 0;
			shellPath = /bin/sh;
			shellScript = "diff \"${PODS_PODFILE_DIR_PATH}/Podfile.lock\" \"${PODS_ROOT}/Manifest.lock\" > /dev/null\nif [ $? != 0 ] ; then\n    # print error to STDERR\n    echo \"error: The sandbox is not in sync with the Podfile.lock. Run 'pod install' or update your CocoaPods installation.\" >&2\n    exit 1\nfi\n# This output is used by Xcode 'outputs' to avoid re-running this script phase.\necho \"SUCCESS\" > \"${SCRIPT_OUTPUT_FILE_0}\"\n";
			showEnvVarsInLog = 0;
		};
		08A7A9ED2C1521170FF08A51 /* [CP] Embed Pods Frameworks */ = {
			isa = PBXShellScriptBuildPhase;
			buildActionMask = 2147483647;
			files = (
			);
			inputFileListPaths = (
				"${PODS_ROOT}/Target Support Files/Pods-GloboChallenge/Pods-GloboChallenge-frameworks-${CONFIGURATION}-input-files.xcfilelist",
			);
			name = "[CP] Embed Pods Frameworks";
			outputFileListPaths = (
				"${PODS_ROOT}/Target Support Files/Pods-GloboChallenge/Pods-GloboChallenge-frameworks-${CONFIGURATION}-output-files.xcfilelist",
			);
			runOnlyForDeploymentPostprocessing = 0;
			shellPath = /bin/sh;
			shellScript = "\"${PODS_ROOT}/Target Support Files/Pods-GloboChallenge/Pods-GloboChallenge-frameworks.sh\"\n";
			showEnvVarsInLog = 0;
		};
		6469611D79529445221141D8 /* [CP] Embed Pods Frameworks */ = {
			isa = PBXShellScriptBuildPhase;
			buildActionMask = 2147483647;
			files = (
			);
			inputFileListPaths = (
				"${PODS_ROOT}/Target Support Files/Pods-GloboChallenge-GloboChallengeUITests/Pods-GloboChallenge-GloboChallengeUITests-frameworks-${CONFIGURATION}-input-files.xcfilelist",
			);
			name = "[CP] Embed Pods Frameworks";
			outputFileListPaths = (
				"${PODS_ROOT}/Target Support Files/Pods-GloboChallenge-GloboChallengeUITests/Pods-GloboChallenge-GloboChallengeUITests-frameworks-${CONFIGURATION}-output-files.xcfilelist",
			);
			runOnlyForDeploymentPostprocessing = 0;
			shellPath = /bin/sh;
			shellScript = "\"${PODS_ROOT}/Target Support Files/Pods-GloboChallenge-GloboChallengeUITests/Pods-GloboChallenge-GloboChallengeUITests-frameworks.sh\"\n";
			showEnvVarsInLog = 0;
		};
		9B225EA505F929C682431987 /* [CP] Check Pods Manifest.lock */ = {
			isa = PBXShellScriptBuildPhase;
			buildActionMask = 2147483647;
			files = (
			);
			inputFileListPaths = (
			);
			inputPaths = (
				"${PODS_PODFILE_DIR_PATH}/Podfile.lock",
				"${PODS_ROOT}/Manifest.lock",
			);
			name = "[CP] Check Pods Manifest.lock";
			outputFileListPaths = (
			);
			outputPaths = (
				"$(DERIVED_FILE_DIR)/Pods-GloboChallenge-checkManifestLockResult.txt",
			);
			runOnlyForDeploymentPostprocessing = 0;
			shellPath = /bin/sh;
			shellScript = "diff \"${PODS_PODFILE_DIR_PATH}/Podfile.lock\" \"${PODS_ROOT}/Manifest.lock\" > /dev/null\nif [ $? != 0 ] ; then\n    # print error to STDERR\n    echo \"error: The sandbox is not in sync with the Podfile.lock. Run 'pod install' or update your CocoaPods installation.\" >&2\n    exit 1\nfi\n# This output is used by Xcode 'outputs' to avoid re-running this script phase.\necho \"SUCCESS\" > \"${SCRIPT_OUTPUT_FILE_0}\"\n";
			showEnvVarsInLog = 0;
		};
		FB5A8BBEBE77E0B873AE6E17 /* [CP] Check Pods Manifest.lock */ = {
			isa = PBXShellScriptBuildPhase;
			buildActionMask = 2147483647;
			files = (
			);
			inputFileListPaths = (
			);
			inputPaths = (
				"${PODS_PODFILE_DIR_PATH}/Podfile.lock",
				"${PODS_ROOT}/Manifest.lock",
			);
			name = "[CP] Check Pods Manifest.lock";
			outputFileListPaths = (
			);
			outputPaths = (
				"$(DERIVED_FILE_DIR)/Pods-GloboChallenge-GloboChallengeUITests-checkManifestLockResult.txt",
			);
			runOnlyForDeploymentPostprocessing = 0;
			shellPath = /bin/sh;
			shellScript = "diff \"${PODS_PODFILE_DIR_PATH}/Podfile.lock\" \"${PODS_ROOT}/Manifest.lock\" > /dev/null\nif [ $? != 0 ] ; then\n    # print error to STDERR\n    echo \"error: The sandbox is not in sync with the Podfile.lock. Run 'pod install' or update your CocoaPods installation.\" >&2\n    exit 1\nfi\n# This output is used by Xcode 'outputs' to avoid re-running this script phase.\necho \"SUCCESS\" > \"${SCRIPT_OUTPUT_FILE_0}\"\n";
			showEnvVarsInLog = 0;
		};
/* End PBXShellScriptBuildPhase section */

/* Begin PBXSourcesBuildPhase section */
		D58D23FF23F9CFCB003B6C69 /* Sources */ = {
			isa = PBXSourcesBuildPhase;
			buildActionMask = 2147483647;
			files = (
				D58D244A23F9D2A2003B6C69 /* APIRoot.swift in Sources */,
				D58D240B23F9CFCB003B6C69 /* ViewController.swift in Sources */,
				D58D244023F9D142003B6C69 /* BasePresenter.swift in Sources */,
				D58D244223F9D14B003B6C69 /* Movie.swift in Sources */,
				D58D243E23F9D12C003B6C69 /* BaseInteractor.swift in Sources */,
				D58D244723F9D22B003B6C69 /* NetworkManager.swift in Sources */,
				D58D244423F9D186003B6C69 /* MoviesWireframe.swift in Sources */,
				D58D240723F9CFCB003B6C69 /* AppDelegate.swift in Sources */,
				D58D240923F9CFCB003B6C69 /* SceneDelegate.swift in Sources */,
			);
			runOnlyForDeploymentPostprocessing = 0;
		};
		D58D241523F9CFCE003B6C69 /* Sources */ = {
			isa = PBXSourcesBuildPhase;
			buildActionMask = 2147483647;
			files = (
				D58D241E23F9CFCE003B6C69 /* GloboChallengeTests.swift in Sources */,
			);
			runOnlyForDeploymentPostprocessing = 0;
		};
		D58D242023F9CFCE003B6C69 /* Sources */ = {
			isa = PBXSourcesBuildPhase;
			buildActionMask = 2147483647;
			files = (
				D58D242923F9CFCE003B6C69 /* GloboChallengeUITests.swift in Sources */,
			);
			runOnlyForDeploymentPostprocessing = 0;
		};
/* End PBXSourcesBuildPhase section */

/* Begin PBXTargetDependency section */
		D58D241B23F9CFCE003B6C69 /* PBXTargetDependency */ = {
			isa = PBXTargetDependency;
			target = D58D240223F9CFCB003B6C69 /* GloboChallenge */;
			targetProxy = D58D241A23F9CFCE003B6C69 /* PBXContainerItemProxy */;
		};
		D58D242623F9CFCE003B6C69 /* PBXTargetDependency */ = {
			isa = PBXTargetDependency;
			target = D58D240223F9CFCB003B6C69 /* GloboChallenge */;
			targetProxy = D58D242523F9CFCE003B6C69 /* PBXContainerItemProxy */;
		};
/* End PBXTargetDependency section */

/* Begin PBXVariantGroup section */
		D58D240C23F9CFCB003B6C69 /* Main.storyboard */ = {
			isa = PBXVariantGroup;
			children = (
				D58D240D23F9CFCB003B6C69 /* Base */,
			);
			name = Main.storyboard;
			sourceTree = "<group>";
		};
		D58D241123F9CFCD003B6C69 /* LaunchScreen.storyboard */ = {
			isa = PBXVariantGroup;
			children = (
				D58D241223F9CFCD003B6C69 /* Base */,
			);
			name = LaunchScreen.storyboard;
			sourceTree = "<group>";
		};
/* End PBXVariantGroup section */

/* Begin XCBuildConfiguration section */
		D58D242B23F9CFCE003B6C69 /* Debug */ = {
			isa = XCBuildConfiguration;
			buildSettings = {
				ALWAYS_SEARCH_USER_PATHS = NO;
				CLANG_ANALYZER_NONNULL = YES;
				CLANG_ANALYZER_NUMBER_OBJECT_CONVERSION = YES_AGGRESSIVE;
				CLANG_CXX_LANGUAGE_STANDARD = "gnu++14";
				CLANG_CXX_LIBRARY = "libc++";
				CLANG_ENABLE_MODULES = YES;
				CLANG_ENABLE_OBJC_ARC = YES;
				CLANG_ENABLE_OBJC_WEAK = YES;
				CLANG_WARN_BLOCK_CAPTURE_AUTORELEASING = YES;
				CLANG_WARN_BOOL_CONVERSION = YES;
				CLANG_WARN_COMMA = YES;
				CLANG_WARN_CONSTANT_CONVERSION = YES;
				CLANG_WARN_DEPRECATED_OBJC_IMPLEMENTATIONS = YES;
				CLANG_WARN_DIRECT_OBJC_ISA_USAGE = YES_ERROR;
				CLANG_WARN_DOCUMENTATION_COMMENTS = YES;
				CLANG_WARN_EMPTY_BODY = YES;
				CLANG_WARN_ENUM_CONVERSION = YES;
				CLANG_WARN_INFINITE_RECURSION = YES;
				CLANG_WARN_INT_CONVERSION = YES;
				CLANG_WARN_NON_LITERAL_NULL_CONVERSION = YES;
				CLANG_WARN_OBJC_IMPLICIT_RETAIN_SELF = YES;
				CLANG_WARN_OBJC_LITERAL_CONVERSION = YES;
				CLANG_WARN_OBJC_ROOT_CLASS = YES_ERROR;
				CLANG_WARN_RANGE_LOOP_ANALYSIS = YES;
				CLANG_WARN_STRICT_PROTOTYPES = YES;
				CLANG_WARN_SUSPICIOUS_MOVE = YES;
				CLANG_WARN_UNGUARDED_AVAILABILITY = YES_AGGRESSIVE;
				CLANG_WARN_UNREACHABLE_CODE = YES;
				CLANG_WARN__DUPLICATE_METHOD_MATCH = YES;
				COPY_PHASE_STRIP = NO;
				DEBUG_INFORMATION_FORMAT = dwarf;
				ENABLE_STRICT_OBJC_MSGSEND = YES;
				ENABLE_TESTABILITY = YES;
				GCC_C_LANGUAGE_STANDARD = gnu11;
				GCC_DYNAMIC_NO_PIC = NO;
				GCC_NO_COMMON_BLOCKS = YES;
				GCC_OPTIMIZATION_LEVEL = 0;
				GCC_PREPROCESSOR_DEFINITIONS = (
					"DEBUG=1",
					"$(inherited)",
				);
				GCC_WARN_64_TO_32_BIT_CONVERSION = YES;
				GCC_WARN_ABOUT_RETURN_TYPE = YES_ERROR;
				GCC_WARN_UNDECLARED_SELECTOR = YES;
				GCC_WARN_UNINITIALIZED_AUTOS = YES_AGGRESSIVE;
				GCC_WARN_UNUSED_FUNCTION = YES;
				GCC_WARN_UNUSED_VARIABLE = YES;
				IPHONEOS_DEPLOYMENT_TARGET = 13.2;
				MTL_ENABLE_DEBUG_INFO = INCLUDE_SOURCE;
				MTL_FAST_MATH = YES;
				ONLY_ACTIVE_ARCH = YES;
				SDKROOT = iphoneos;
				SWIFT_ACTIVE_COMPILATION_CONDITIONS = DEBUG;
				SWIFT_OPTIMIZATION_LEVEL = "-Onone";
			};
			name = Debug;
		};
		D58D242C23F9CFCE003B6C69 /* Release */ = {
			isa = XCBuildConfiguration;
			buildSettings = {
				ALWAYS_SEARCH_USER_PATHS = NO;
				CLANG_ANALYZER_NONNULL = YES;
				CLANG_ANALYZER_NUMBER_OBJECT_CONVERSION = YES_AGGRESSIVE;
				CLANG_CXX_LANGUAGE_STANDARD = "gnu++14";
				CLANG_CXX_LIBRARY = "libc++";
				CLANG_ENABLE_MODULES = YES;
				CLANG_ENABLE_OBJC_ARC = YES;
				CLANG_ENABLE_OBJC_WEAK = YES;
				CLANG_WARN_BLOCK_CAPTURE_AUTORELEASING = YES;
				CLANG_WARN_BOOL_CONVERSION = YES;
				CLANG_WARN_COMMA = YES;
				CLANG_WARN_CONSTANT_CONVERSION = YES;
				CLANG_WARN_DEPRECATED_OBJC_IMPLEMENTATIONS = YES;
				CLANG_WARN_DIRECT_OBJC_ISA_USAGE = YES_ERROR;
				CLANG_WARN_DOCUMENTATION_COMMENTS = YES;
				CLANG_WARN_EMPTY_BODY = YES;
				CLANG_WARN_ENUM_CONVERSION = YES;
				CLANG_WARN_INFINITE_RECURSION = YES;
				CLANG_WARN_INT_CONVERSION = YES;
				CLANG_WARN_NON_LITERAL_NULL_CONVERSION = YES;
				CLANG_WARN_OBJC_IMPLICIT_RETAIN_SELF = YES;
				CLANG_WARN_OBJC_LITERAL_CONVERSION = YES;
				CLANG_WARN_OBJC_ROOT_CLASS = YES_ERROR;
				CLANG_WARN_RANGE_LOOP_ANALYSIS = YES;
				CLANG_WARN_STRICT_PROTOTYPES = YES;
				CLANG_WARN_SUSPICIOUS_MOVE = YES;
				CLANG_WARN_UNGUARDED_AVAILABILITY = YES_AGGRESSIVE;
				CLANG_WARN_UNREACHABLE_CODE = YES;
				CLANG_WARN__DUPLICATE_METHOD_MATCH = YES;
				COPY_PHASE_STRIP = NO;
				DEBUG_INFORMATION_FORMAT = "dwarf-with-dsym";
				ENABLE_NS_ASSERTIONS = NO;
				ENABLE_STRICT_OBJC_MSGSEND = YES;
				GCC_C_LANGUAGE_STANDARD = gnu11;
				GCC_NO_COMMON_BLOCKS = YES;
				GCC_WARN_64_TO_32_BIT_CONVERSION = YES;
				GCC_WARN_ABOUT_RETURN_TYPE = YES_ERROR;
				GCC_WARN_UNDECLARED_SELECTOR = YES;
				GCC_WARN_UNINITIALIZED_AUTOS = YES_AGGRESSIVE;
				GCC_WARN_UNUSED_FUNCTION = YES;
				GCC_WARN_UNUSED_VARIABLE = YES;
				IPHONEOS_DEPLOYMENT_TARGET = 13.2;
				MTL_ENABLE_DEBUG_INFO = NO;
				MTL_FAST_MATH = YES;
				SDKROOT = iphoneos;
				SWIFT_COMPILATION_MODE = wholemodule;
				SWIFT_OPTIMIZATION_LEVEL = "-O";
				VALIDATE_PRODUCT = YES;
			};
			name = Release;
		};
		D58D242E23F9CFCE003B6C69 /* Debug */ = {
			isa = XCBuildConfiguration;
			baseConfigurationReference = 9BDD9230EBCF8FACF2EB4FBF /* Pods-GloboChallenge.debug.xcconfig */;
			buildSettings = {
				ASSETCATALOG_COMPILER_APPICON_NAME = AppIcon;
				CODE_SIGN_STYLE = Automatic;
				INFOPLIST_FILE = GloboChallenge/Info.plist;
				LD_RUNPATH_SEARCH_PATHS = (
					"$(inherited)",
					"@executable_path/Frameworks",
				);
				PRODUCT_BUNDLE_IDENTIFIER = com.ex.appLegal.GloboChallenge;
				PRODUCT_NAME = "$(TARGET_NAME)";
				SWIFT_VERSION = 5.0;
				TARGETED_DEVICE_FAMILY = "1,2";
			};
			name = Debug;
		};
		D58D242F23F9CFCE003B6C69 /* Release */ = {
			isa = XCBuildConfiguration;
			baseConfigurationReference = E77018FA70F2F270F4D879FC /* Pods-GloboChallenge.release.xcconfig */;
			buildSettings = {
				ASSETCATALOG_COMPILER_APPICON_NAME = AppIcon;
				CODE_SIGN_STYLE = Automatic;
				INFOPLIST_FILE = GloboChallenge/Info.plist;
				LD_RUNPATH_SEARCH_PATHS = (
					"$(inherited)",
					"@executable_path/Frameworks",
				);
				PRODUCT_BUNDLE_IDENTIFIER = com.ex.appLegal.GloboChallenge;
				PRODUCT_NAME = "$(TARGET_NAME)";
				SWIFT_VERSION = 5.0;
				TARGETED_DEVICE_FAMILY = "1,2";
			};
			name = Release;
		};
		D58D243123F9CFCE003B6C69 /* Debug */ = {
			isa = XCBuildConfiguration;
			baseConfigurationReference = 56E4B7E85FBD901971CCEB13 /* Pods-GloboChallengeTests.debug.xcconfig */;
			buildSettings = {
				ALWAYS_EMBED_SWIFT_STANDARD_LIBRARIES = YES;
				BUNDLE_LOADER = "$(TEST_HOST)";
				CODE_SIGN_STYLE = Automatic;
				INFOPLIST_FILE = GloboChallengeTests/Info.plist;
				IPHONEOS_DEPLOYMENT_TARGET = 13.2;
				LD_RUNPATH_SEARCH_PATHS = (
					"$(inherited)",
					"@executable_path/Frameworks",
					"@loader_path/Frameworks",
				);
				PRODUCT_BUNDLE_IDENTIFIER = com.ex.appLegal.GloboChallengeTests;
				PRODUCT_NAME = "$(TARGET_NAME)";
				SWIFT_VERSION = 5.0;
				TARGETED_DEVICE_FAMILY = "1,2";
				TEST_HOST = "$(BUILT_PRODUCTS_DIR)/GloboChallenge.app/GloboChallenge";
			};
			name = Debug;
		};
		D58D243223F9CFCE003B6C69 /* Release */ = {
			isa = XCBuildConfiguration;
			baseConfigurationReference = 18534DB6D85A57FC0E0B572F /* Pods-GloboChallengeTests.release.xcconfig */;
			buildSettings = {
				ALWAYS_EMBED_SWIFT_STANDARD_LIBRARIES = YES;
				BUNDLE_LOADER = "$(TEST_HOST)";
				CODE_SIGN_STYLE = Automatic;
				INFOPLIST_FILE = GloboChallengeTests/Info.plist;
				IPHONEOS_DEPLOYMENT_TARGET = 13.2;
				LD_RUNPATH_SEARCH_PATHS = (
					"$(inherited)",
					"@executable_path/Frameworks",
					"@loader_path/Frameworks",
				);
				PRODUCT_BUNDLE_IDENTIFIER = com.ex.appLegal.GloboChallengeTests;
				PRODUCT_NAME = "$(TARGET_NAME)";
				SWIFT_VERSION = 5.0;
				TARGETED_DEVICE_FAMILY = "1,2";
				TEST_HOST = "$(BUILT_PRODUCTS_DIR)/GloboChallenge.app/GloboChallenge";
			};
			name = Release;
		};
		D58D243423F9CFCE003B6C69 /* Debug */ = {
			isa = XCBuildConfiguration;
			baseConfigurationReference = C6760908E49B9C49FCD82B01 /* Pods-GloboChallenge-GloboChallengeUITests.debug.xcconfig */;
			buildSettings = {
				ALWAYS_EMBED_SWIFT_STANDARD_LIBRARIES = YES;
				CODE_SIGN_STYLE = Automatic;
				INFOPLIST_FILE = GloboChallengeUITests/Info.plist;
				LD_RUNPATH_SEARCH_PATHS = (
					"$(inherited)",
					"@executable_path/Frameworks",
					"@loader_path/Frameworks",
				);
				PRODUCT_BUNDLE_IDENTIFIER = com.ex.appLegal.GloboChallengeUITests;
				PRODUCT_NAME = "$(TARGET_NAME)";
				SWIFT_VERSION = 5.0;
				TARGETED_DEVICE_FAMILY = "1,2";
				TEST_TARGET_NAME = GloboChallenge;
			};
			name = Debug;
		};
		D58D243523F9CFCE003B6C69 /* Release */ = {
			isa = XCBuildConfiguration;
			baseConfigurationReference = 1A720B011BD9EF1969E93C62 /* Pods-GloboChallenge-GloboChallengeUITests.release.xcconfig */;
			buildSettings = {
				ALWAYS_EMBED_SWIFT_STANDARD_LIBRARIES = YES;
				CODE_SIGN_STYLE = Automatic;
				INFOPLIST_FILE = GloboChallengeUITests/Info.plist;
				LD_RUNPATH_SEARCH_PATHS = (
					"$(inherited)",
					"@executable_path/Frameworks",
					"@loader_path/Frameworks",
				);
				PRODUCT_BUNDLE_IDENTIFIER = com.ex.appLegal.GloboChallengeUITests;
				PRODUCT_NAME = "$(TARGET_NAME)";
				SWIFT_VERSION = 5.0;
				TARGETED_DEVICE_FAMILY = "1,2";
				TEST_TARGET_NAME = GloboChallenge;
			};
			name = Release;
		};
/* End XCBuildConfiguration section */

/* Begin XCConfigurationList section */
		D58D23FE23F9CFCB003B6C69 /* Build configuration list for PBXProject "GloboChallenge" */ = {
			isa = XCConfigurationList;
			buildConfigurations = (
				D58D242B23F9CFCE003B6C69 /* Debug */,
				D58D242C23F9CFCE003B6C69 /* Release */,
			);
			defaultConfigurationIsVisible = 0;
			defaultConfigurationName = Release;
		};
		D58D242D23F9CFCE003B6C69 /* Build configuration list for PBXNativeTarget "GloboChallenge" */ = {
			isa = XCConfigurationList;
			buildConfigurations = (
				D58D242E23F9CFCE003B6C69 /* Debug */,
				D58D242F23F9CFCE003B6C69 /* Release */,
			);
			defaultConfigurationIsVisible = 0;
			defaultConfigurationName = Release;
		};
		D58D243023F9CFCE003B6C69 /* Build configuration list for PBXNativeTarget "GloboChallengeTests" */ = {
			isa = XCConfigurationList;
			buildConfigurations = (
				D58D243123F9CFCE003B6C69 /* Debug */,
				D58D243223F9CFCE003B6C69 /* Release */,
			);
			defaultConfigurationIsVisible = 0;
			defaultConfigurationName = Release;
		};
		D58D243323F9CFCE003B6C69 /* Build configuration list for PBXNativeTarget "GloboChallengeUITests" */ = {
			isa = XCConfigurationList;
			buildConfigurations = (
				D58D243423F9CFCE003B6C69 /* Debug */,
				D58D243523F9CFCE003B6C69 /* Release */,
			);
			defaultConfigurationIsVisible = 0;
			defaultConfigurationName = Release;
		};
/* End XCConfigurationList section */
	};
	rootObject = D58D23FB23F9CFCB003B6C69 /* Project object */;
}
